// !$*UTF8*$!
{
	archiveVersion = 1;
	classes = {
	};
	objectVersion = 46;
	objects = {

/* Begin PBXBuildFile section */
		894471D71E805B870069A91C /* AppDelegate.swift in Sources */ = {isa = PBXBuildFile; fileRef = 894471D61E805B870069A91C /* AppDelegate.swift */; };
		894471D91E805B870069A91C /* ViewController.swift in Sources */ = {isa = PBXBuildFile; fileRef = 894471D81E805B870069A91C /* ViewController.swift */; };
		894471DC1E805B870069A91C /* Main.storyboard in Resources */ = {isa = PBXBuildFile; fileRef = 894471DA1E805B870069A91C /* Main.storyboard */; };
		894471DF1E805B870069A91C /* Instatop.xcdatamodeld in Sources */ = {isa = PBXBuildFile; fileRef = 894471DD1E805B870069A91C /* Instatop.xcdatamodeld */; };
		894471E11E805B870069A91C /* Assets.xcassets in Resources */ = {isa = PBXBuildFile; fileRef = 894471E01E805B870069A91C /* Assets.xcassets */; };
		894471E41E805B870069A91C /* LaunchScreen.storyboard in Resources */ = {isa = PBXBuildFile; fileRef = 894471E21E805B870069A91C /* LaunchScreen.storyboard */; };
/* End PBXBuildFile section */

/* Begin PBXFileReference section */
		894471D31E805B860069A91C /* Instatop.app */ = {isa = PBXFileReference; explicitFileType = wrapper.application; includeInIndex = 0; path = Instatop.app; sourceTree = BUILT_PRODUCTS_DIR; };
		894471D61E805B870069A91C /* AppDelegate.swift */ = {isa = PBXFileReference; lastKnownFileType = sourcecode.swift; path = AppDelegate.swift; sourceTree = "<group>"; };
		894471D81E805B870069A91C /* ViewController.swift */ = {isa = PBXFileReference; lastKnownFileType = sourcecode.swift; path = ViewController.swift; sourceTree = "<group>"; };
		894471DB1E805B870069A91C /* Base */ = {isa = PBXFileReference; lastKnownFileType = file.storyboard; name = Base; path = Base.lproj/Main.storyboard; sourceTree = "<group>"; };
		894471DE1E805B870069A91C /* Instatop.xcdatamodel */ = {isa = PBXFileReference; lastKnownFileType = wrapper.xcdatamodel; path = Instatop.xcdatamodel; sourceTree = "<group>"; };
		894471E01E805B870069A91C /* Assets.xcassets */ = {isa = PBXFileReference; lastKnownFileType = folder.assetcatalog; path = Assets.xcassets; sourceTree = "<group>"; };
		894471E31E805B870069A91C /* Base */ = {isa = PBXFileReference; lastKnownFileType = file.storyboard; name = Base; path = Base.lproj/LaunchScreen.storyboard; sourceTree = "<group>"; };
		894471E51E805B870069A91C /* Info.plist */ = {isa = PBXFileReference; lastKnownFileType = text.plist.xml; path = Info.plist; sourceTree = "<group>"; };
/* End PBXFileReference section */

/* Begin PBXFrameworksBuildPhase section */
		894471D01E805B860069A91C /* Frameworks */ = {
			isa = PBXFrameworksBuildPhase;
			buildActionMask = 2147483647;
			files = (
			);
			runOnlyForDeploymentPostprocessing = 0;
		};
/* End PBXFrameworksBuildPhase section */

/* Begin PBXGroup section */
		894471CA1E805B860069A91C = {
			isa = PBXGroup;
			children = (
				894471D51E805B870069A91C /* Instatop */,
				894471D41E805B860069A91C /* Products */,
			);
			sourceTree = "<group>";
		};
		894471D41E805B860069A91C /* Products */ = {
			isa = PBXGroup;
			children = (
				894471D31E805B860069A91C /* Instatop.app */,
			);
			name = Products;
			sourceTree = "<group>";
		};
		894471D51E805B870069A91C /* Instatop */ = {
			isa = PBXGroup;
			children = (
				894471D61E805B870069A91C /* AppDelegate.swift */,
				894471D81E805B870069A91C /* ViewController.swift */,
				894471DA1E805B870069A91C /* Main.storyboard */,
				894471E01E805B870069A91C /* Assets.xcassets */,
				894471E21E805B870069A91C /* LaunchScreen.storyboard */,
				894471E51E805B870069A91C /* Info.plist */,
				894471DD1E805B870069A91C /* Instatop.xcdatamodeld */,
			);
			path = Instatop;
			sourceTree = "<group>";
		};
/* End PBXGroup section */

/* Begin PBXNativeTarget section */
		894471D21E805B860069A91C /* Instatop */ = {
			isa = PBXNativeTarget;
			buildConfigurationList = 894471E81E805B870069A91C /* Build configuration list for PBXNativeTarget "Instatop" */;
			buildPhases = (
				894471CF1E805B860069A91C /* Sources */,
				894471D01E805B860069A91C /* Frameworks */,
				894471D11E805B860069A91C /* Resources */,
			);
			buildRules = (
			);
			dependencies = (
			);
			name = Instatop;
			productName = Instatop;
			productReference = 894471D31E805B860069A91C /* Instatop.app */;
			productType = "com.apple.product-type.application";
		};
/* End PBXNativeTarget section */

/* Begin PBXProject section */
		894471CB1E805B860069A91C /* Project object */ = {
			isa = PBXProject;
			attributes = {
				LastSwiftUpdateCheck = 0820;
				LastUpgradeCheck = 0820;
				ORGANIZATIONNAME = "Aditya Dhingra";
				TargetAttributes = {
					894471D21E805B860069A91C = {
						CreatedOnToolsVersion = 8.2.1;
						DevelopmentTeam = WD5637H5AA;
						ProvisioningStyle = Automatic;
					};
				};
			};
			buildConfigurationList = 894471CE1E805B860069A91C /* Build configuration list for PBXProject "Instatop" */;
			compatibilityVersion = "Xcode 3.2";
			developmentRegion = English;
			hasScannedForEncodings = 0;
			knownRegions = (
				en,
				Base,
			);
			mainGroup = 894471CA1E805B860069A91C;
			productRefGroup = 894471D41E805B860069A91C /* Products */;
			projectDirPath = "";
			projectRoot = "";
			targets = (
				894471D21E805B860069A91C /* Instatop */,
			);
		};
/* End PBXProject section */

/* Begin PBXResourcesBuildPhase section */
		894471D11E805B860069A91C /* Resources */ = {
			isa = PBXResourcesBuildPhase;
			buildActionMask = 2147483647;
			files = (
				894471E41E805B870069A91C /* LaunchScreen.storyboard in Resources */,
				894471E11E805B870069A91C /* Assets.xcassets in Resources */,
				894471DC1E805B870069A91C /* Main.storyboard in Resources */,
			);
			runOnlyForDeploymentPostprocessing = 0;
		};
/* End PBXResourcesBuildPhase section */

/* Begin PBXSourcesBuildPhase section */
		894471CF1E805B860069A91C /* Sources */ = {
			isa = PBXSourcesBuildPhase;
			buildActionMask = 2147483647;
			files = (
				894471D91E805B870069A91C /* ViewController.swift in Sources */,
				894471D71E805B870069A91C /* AppDelegate.swift in Sources */,
				894471DF1E805B870069A91C /* Instatop.xcdatamodeld in Sources */,
			);
			runOnlyForDeploymentPostprocessing = 0;
		};
/* End PBXSourcesBuildPhase section */

/* Begin PBXVariantGroup section */
		894471DA1E805B870069A91C /* Main.storyboard */ = {
			isa = PBXVariantGroup;
			children = (
				894471DB1E805B870069A91C /* Base */,
			);
			name = Main.storyboard;
			sourceTree = "<group>";
		};
		894471E21E805B870069A91C /* LaunchScreen.storyboard */ = {
			isa = PBXVariantGroup;
			children = (
				894471E31E805B870069A91C /* Base */,
			);
			name = LaunchScreen.storyboard;
			sourceTree = "<group>";
		};
/* End PBXVariantGroup section */

/* Begin XCBuildConfiguration section */
		894471E61E805B870069A91C /* Debug */ = {
			isa = XCBuildConfiguration;
			buildSettings = {
				ALWAYS_SEARCH_USER_PATHS = NO;
				CLANG_ANALYZER_NONNULL = YES;
				CLANG_CXX_LANGUAGE_STANDARD = "gnu++0x";
				CLANG_CXX_LIBRARY = "libc++";
				CLANG_ENABLE_MODULES = YES;
				CLANG_ENABLE_OBJC_ARC = YES;
				CLANG_WARN_BOOL_CONVERSION = YES;
				CLANG_WARN_CONSTANT_CONVERSION = YES;
				CLANG_WARN_DIRECT_OBJC_ISA_USAGE = YES_ERROR;
				CLANG_WARN_DOCUMENTATION_COMMENTS = YES;
				CLANG_WARN_EMPTY_BODY = YES;
				CLANG_WARN_ENUM_CONVERSION = YES;
				CLANG_WARN_INFINITE_RECURSION = YES;
				CLANG_WARN_INT_CONVERSION = YES;
				CLANG_WARN_OBJC_ROOT_CLASS = YES_ERROR;
				CLANG_WARN_SUSPICIOUS_MOVE = YES;
				CLANG_WARN_UNREACHABLE_CODE = YES;
				CLANG_WARN__DUPLICATE_METHOD_MATCH = YES;
				"CODE_SIGN_IDENTITY[sdk=iphoneos*]" = "iPhone Developer";
				COPY_PHASE_STRIP = NO;
				DEBUG_INFORMATION_FORMAT = dwarf;
				ENABLE_STRICT_OBJC_MSGSEND = YES;
				ENABLE_TESTABILITY = YES;
				GCC_C_LANGUAGE_STANDARD = gnu99;
				GCC_DYNAMIC_NO_PIC = NO;
				GCC_NO_COMMON_BLOCKS = YES;
				GCC_OPTIMIZATION_LEVEL = 0;
				GCC_PREPROCESSOR_DEFINITIONS = (
					"DEBUG=1",
					"$(inherited)",
				);
				GCC_WARN_64_TO_32_BIT_CONVERSION = YES;
				GCC_WARN_ABOUT_RETURN_TYPE = YES_ERROR;
				GCC_WARN_UNDECLARED_SELECTOR = YES;
				GCC_WARN_UNINITIALIZED_AUTOS = YES_AGGRESSIVE;
				GCC_WARN_UNUSED_FUNCTION = YES;
				GCC_WARN_UNUSED_VARIABLE = YES;
				IPHONEOS_DEPLOYMENT_TARGET = 10.2;
				MTL_ENABLE_DEBUG_INFO = YES;
				ONLY_ACTIVE_ARCH = YES;
				SDKROOT = iphoneos;
				SWIFT_ACTIVE_COMPILATION_CONDITIONS = DEBUG;
				SWIFT_OPTIMIZATION_LEVEL = "-Onone";
			};
			name = Debug;
		};
		894471E71E805B870069A91C /* Release */ = {
			isa = XCBuildConfiguration;
			buildSettings = {
				ALWAYS_SEARCH_USER_PATHS = NO;
				CLANG_ANALYZER_NONNULL = YES;
				CLANG_CXX_LANGUAGE_STANDARD = "gnu++0x";
				CLANG_CXX_LIBRARY = "libc++";
				CLANG_ENABLE_MODULES = YES;
				CLANG_ENABLE_OBJC_ARC = YES;
				CLANG_WARN_BOOL_CONVERSION = YES;
				CLANG_WARN_CONSTANT_CONVERSION = YES;
				CLANG_WARN_DIRECT_OBJC_ISA_USAGE = YES_ERROR;
				CLANG_WARN_DOCUMENTATION_COMMENTS = YES;
				CLANG_WARN_EMPTY_BODY = YES;
				CLANG_WARN_ENUM_CONVERSION = YES;
				CLANG_WARN_INFINITE_RECURSION = YES;
				CLANG_WARN_INT_CONVERSION = YES;
				CLANG_WARN_OBJC_ROOT_CLASS = YES_ERROR;
				CLANG_WARN_SUSPICIOUS_MOVE = YES;
				CLANG_WARN_UNREACHABLE_CODE = YES;
				CLANG_WARN__DUPLICATE_METHOD_MATCH = YES;
				"CODE_SIGN_IDENTITY[sdk=iphoneos*]" = "iPhone Developer";
				COPY_PHASE_STRIP = NO;
				DEBUG_INFORMATION_FORMAT = "dwarf-with-dsym";
				ENABLE_NS_ASSERTIONS = NO;
				ENABLE_STRICT_OBJC_MSGSEND = YES;
				GCC_C_LANGUAGE_STANDARD = gnu99;
				GCC_NO_COMMON_BLOCKS = YES;
				GCC_WARN_64_TO_32_BIT_CONVERSION = YES;
				GCC_WARN_ABOUT_RETURN_TYPE = YES_ERROR;
				GCC_WARN_UNDECLARED_SELECTOR = YES;
				GCC_WARN_UNINITIALIZED_AUTOS = YES_AGGRESSIVE;
				GCC_WARN_UNUSED_FUNCTION = YES;
				GCC_WARN_UNUSED_VARIABLE = YES;
				IPHONEOS_DEPLOYMENT_TARGET = 10.2;
				MTL_ENABLE_DEBUG_INFO = NO;
				SDKROOT = iphoneos;
				SWIFT_OPTIMIZATION_LEVEL = "-Owholemodule";
				VALIDATE_PRODUCT = YES;
			};
			name = Release;
		};
		894471E91E805B870069A91C /* Debug */ = {
			isa = XCBuildConfiguration;
			buildSettings = {
				ASSETCATALOG_COMPILER_APPICON_NAME = AppIcon;
				DEVELOPMENT_TEAM = WD5637H5AA;
				INFOPLIST_FILE = Instatop/Info.plist;
				LD_RUNPATH_SEARCH_PATHS = "$(inherited) @executable_path/Frameworks";
				PRODUCT_BUNDLE_IDENTIFIER = adityadhingra.com.Instatop;
				PRODUCT_NAME = "$(TARGET_NAME)";
				SWIFT_VERSION = 3.0;
			};
			name = Debug;
		};
		894471EA1E805B870069A91C /* Release */ = {
			isa = XCBuildConfiguration;
			buildSettings = {
				ASSETCATALOG_COMPILER_APPICON_NAME = AppIcon;
				DEVELOPMENT_TEAM = WD5637H5AA;
				INFOPLIST_FILE = Instatop/Info.plist;
				LD_RUNPATH_SEARCH_PATHS = "$(inherited) @executable_path/Frameworks";
				PRODUCT_BUNDLE_IDENTIFIER = adityadhingra.com.Instatop;
				PRODUCT_NAME = "$(TARGET_NAME)";
				SWIFT_VERSION = 3.0;
			};
			name = Release;
		};
/* End XCBuildConfiguration section */

/* Begin XCConfigurationList section */
		894471CE1E805B860069A91C /* Build configuration list for PBXProject "Instatop" */ = {
			isa = XCConfigurationList;
			buildConfigurations = (
				894471E61E805B870069A91C /* Debug */,
				894471E71E805B870069A91C /* Release */,
			);
			defaultConfigurationIsVisible = 0;
			defaultConfigurationName = Release;
		};
		894471E81E805B870069A91C /* Build configuration list for PBXNativeTarget "Instatop" */ = {
			isa = XCConfigurationList;
			buildConfigurations = (
				894471E91E805B870069A91C /* Debug */,
				894471EA1E805B870069A91C /* Release */,
			);
			defaultConfigurationIsVisible = 0;
		};
/* End XCConfigurationList section */

/* Begin XCVersionGroup section */
		894471DD1E805B870069A91C /* Instatop.xcdatamodeld */ = {
			isa = XCVersionGroup;
			children = (
				894471DE1E805B870069A91C /* Instatop.xcdatamodel */,
			);
			currentVersion = 894471DE1E805B870069A91C /* Instatop.xcdatamodel */;
			path = Instatop.xcdatamodeld;
			sourceTree = "<group>";
			versionGroupType = wrapper.xcdatamodel;
		};
/* End XCVersionGroup section */
	};
	rootObject = 894471CB1E805B860069A91C /* Project object */;
}
